// !$*UTF8*$!
{
	archiveVersion = 1;
	classes = {
	};
	objectVersion = 46;
	objects = {

/* Begin PBXBuildFile section */
		04E34C981DD1D36A0023FA82 /* main.m in Sources */ = {isa = PBXBuildFile; fileRef = 04E34C971DD1D36A0023FA82 /* main.m */; };
		04E34C9B1DD1D36A0023FA82 /* AppDelegate.m in Sources */ = {isa = PBXBuildFile; fileRef = 04E34C9A1DD1D36A0023FA82 /* AppDelegate.m */; };
		04E34C9E1DD1D36A0023FA82 /* ViewController.m in Sources */ = {isa = PBXBuildFile; fileRef = 04E34C9D1DD1D36A0023FA82 /* ViewController.m */; };
		04E34CA11DD1D36A0023FA82 /* Main.storyboard in Resources */ = {isa = PBXBuildFile; fileRef = 04E34C9F1DD1D36A0023FA82 /* Main.storyboard */; };
		04E34CA41DD1D36A0023FA82 /* PJPhotoGallery.xcdatamodeld in Sources */ = {isa = PBXBuildFile; fileRef = 04E34CA21DD1D36A0023FA82 /* PJPhotoGallery.xcdatamodeld */; };
		04E34CA61DD1D36A0023FA82 /* Assets.xcassets in Resources */ = {isa = PBXBuildFile; fileRef = 04E34CA51DD1D36A0023FA82 /* Assets.xcassets */; };
		04E34CA91DD1D36A0023FA82 /* LaunchScreen.storyboard in Resources */ = {isa = PBXBuildFile; fileRef = 04E34CA71DD1D36A0023FA82 /* LaunchScreen.storyboard */; };
/* End PBXBuildFile section */

/* Begin PBXFileReference section */
		04E34C931DD1D36A0023FA82 /* PJPhotoGallery.app */ = {isa = PBXFileReference; explicitFileType = wrapper.application; includeInIndex = 0; path = PJPhotoGallery.app; sourceTree = BUILT_PRODUCTS_DIR; };
		04E34C971DD1D36A0023FA82 /* main.m */ = {isa = PBXFileReference; lastKnownFileType = sourcecode.c.objc; path = main.m; sourceTree = "<group>"; };
		04E34C991DD1D36A0023FA82 /* AppDelegate.h */ = {isa = PBXFileReference; lastKnownFileType = sourcecode.c.h; path = AppDelegate.h; sourceTree = "<group>"; };
		04E34C9A1DD1D36A0023FA82 /* AppDelegate.m */ = {isa = PBXFileReference; lastKnownFileType = sourcecode.c.objc; path = AppDelegate.m; sourceTree = "<group>"; };
		04E34C9C1DD1D36A0023FA82 /* ViewController.h */ = {isa = PBXFileReference; lastKnownFileType = sourcecode.c.h; path = ViewController.h; sourceTree = "<group>"; };
		04E34C9D1DD1D36A0023FA82 /* ViewController.m */ = {isa = PBXFileReference; lastKnownFileType = sourcecode.c.objc; path = ViewController.m; sourceTree = "<group>"; };
		04E34CA01DD1D36A0023FA82 /* Base */ = {isa = PBXFileReference; lastKnownFileType = file.storyboard; name = Base; path = Base.lproj/Main.storyboard; sourceTree = "<group>"; };
		04E34CA31DD1D36A0023FA82 /* PJPhotoGallery.xcdatamodel */ = {isa = PBXFileReference; lastKnownFileType = wrapper.xcdatamodel; path = PJPhotoGallery.xcdatamodel; sourceTree = "<group>"; };
		04E34CA51DD1D36A0023FA82 /* Assets.xcassets */ = {isa = PBXFileReference; lastKnownFileType = folder.assetcatalog; path = Assets.xcassets; sourceTree = "<group>"; };
		04E34CA81DD1D36A0023FA82 /* Base */ = {isa = PBXFileReference; lastKnownFileType = file.storyboard; name = Base; path = Base.lproj/LaunchScreen.storyboard; sourceTree = "<group>"; };
		04E34CAA1DD1D36A0023FA82 /* Info.plist */ = {isa = PBXFileReference; lastKnownFileType = text.plist.xml; path = Info.plist; sourceTree = "<group>"; };
/* End PBXFileReference section */

/* Begin PBXFrameworksBuildPhase section */
		04E34C901DD1D36A0023FA82 /* Frameworks */ = {
			isa = PBXFrameworksBuildPhase;
			buildActionMask = 2147483647;
			files = (
			);
			runOnlyForDeploymentPostprocessing = 0;
		};
/* End PBXFrameworksBuildPhase section */

/* Begin PBXGroup section */
		04E34C8A1DD1D36A0023FA82 = {
			isa = PBXGroup;
			children = (
				04E34C951DD1D36A0023FA82 /* PJPhotoGallery */,
				04E34C941DD1D36A0023FA82 /* Products */,
			);
			sourceTree = "<group>";
		};
		04E34C941DD1D36A0023FA82 /* Products */ = {
			isa = PBXGroup;
			children = (
				04E34C931DD1D36A0023FA82 /* PJPhotoGallery.app */,
			);
			name = Products;
			sourceTree = "<group>";
		};
		04E34C951DD1D36A0023FA82 /* PJPhotoGallery */ = {
			isa = PBXGroup;
			children = (
				04E34C991DD1D36A0023FA82 /* AppDelegate.h */,
				04E34C9A1DD1D36A0023FA82 /* AppDelegate.m */,
				04E34C9C1DD1D36A0023FA82 /* ViewController.h */,
				04E34C9D1DD1D36A0023FA82 /* ViewController.m */,
				04E34C9F1DD1D36A0023FA82 /* Main.storyboard */,
				04E34CA51DD1D36A0023FA82 /* Assets.xcassets */,
				04E34CA71DD1D36A0023FA82 /* LaunchScreen.storyboard */,
				04E34CAA1DD1D36A0023FA82 /* Info.plist */,
				04E34CA21DD1D36A0023FA82 /* PJPhotoGallery.xcdatamodeld */,
				04E34C961DD1D36A0023FA82 /* Supporting Files */,
			);
			path = PJPhotoGallery;
			sourceTree = "<group>";
		};
		04E34C961DD1D36A0023FA82 /* Supporting Files */ = {
			isa = PBXGroup;
			children = (
				04E34C971DD1D36A0023FA82 /* main.m */,
			);
			name = "Supporting Files";
			sourceTree = "<group>";
		};
/* End PBXGroup section */

/* Begin PBXNativeTarget section */
		04E34C921DD1D36A0023FA82 /* PJPhotoGallery */ = {
			isa = PBXNativeTarget;
			buildConfigurationList = 04E34CAD1DD1D36A0023FA82 /* Build configuration list for PBXNativeTarget "PJPhotoGallery" */;
			buildPhases = (
				04E34C8F1DD1D36A0023FA82 /* Sources */,
				04E34C901DD1D36A0023FA82 /* Frameworks */,
				04E34C911DD1D36A0023FA82 /* Resources */,
			);
			buildRules = (
			);
			dependencies = (
			);
			name = PJPhotoGallery;
			productName = PJPhotoGallery;
			productReference = 04E34C931DD1D36A0023FA82 /* PJPhotoGallery.app */;
			productType = "com.apple.product-type.application";
		};
/* End PBXNativeTarget section */

/* Begin PBXProject section */
		04E34C8B1DD1D36A0023FA82 /* Project object */ = {
			isa = PBXProject;
			attributes = {
				LastUpgradeCheck = 0730;
				ORGANIZATIONNAME = "Pragati Jawale";
				TargetAttributes = {
					04E34C921DD1D36A0023FA82 = {
						CreatedOnToolsVersion = 7.3.1;
					};
				};
			};
			buildConfigurationList = 04E34C8E1DD1D36A0023FA82 /* Build configuration list for PBXProject "PJPhotoGallery" */;
			compatibilityVersion = "Xcode 3.2";
			developmentRegion = English;
			hasScannedForEncodings = 0;
			knownRegions = (
				en,
				Base,
			);
			mainGroup = 04E34C8A1DD1D36A0023FA82;
			productRefGroup = 04E34C941DD1D36A0023FA82 /* Products */;
			projectDirPath = "";
			projectRoot = "";
			targets = (
				04E34C921DD1D36A0023FA82 /* PJPhotoGallery */,
			);
		};
/* End PBXProject section */

/* Begin PBXResourcesBuildPhase section */
		04E34C911DD1D36A0023FA82 /* Resources */ = {
			isa = PBXResourcesBuildPhase;
			buildActionMask = 2147483647;
			files = (
				04E34CA91DD1D36A0023FA82 /* LaunchScreen.storyboard in Resources */,
				04E34CA61DD1D36A0023FA82 /* Assets.xcassets in Resources */,
				04E34CA11DD1D36A0023FA82 /* Main.storyboard in Resources */,
			);
			runOnlyForDeploymentPostprocessing = 0;
		};
/* End PBXResourcesBuildPhase section */

/* Begin PBXSourcesBuildPhase section */
		04E34C8F1DD1D36A0023FA82 /* Sources */ = {
			isa = PBXSourcesBuildPhase;
			buildActionMask = 2147483647;
			files = (
				04E34C9E1DD1D36A0023FA82 /* ViewController.m in Sources */,
				04E34C9B1DD1D36A0023FA82 /* AppDelegate.m in Sources */,
				04E34C981DD1D36A0023FA82 /* main.m in Sources */,
				04E34CA41DD1D36A0023FA82 /* PJPhotoGallery.xcdatamodeld in Sources */,
			);
			runOnlyForDeploymentPostprocessing = 0;
		};
/* End PBXSourcesBuildPhase section */

/* Begin PBXVariantGroup section */
		04E34C9F1DD1D36A0023FA82 /* Main.storyboard */ = {
			isa = PBXVariantGroup;
			children = (
				04E34CA01DD1D36A0023FA82 /* Base */,
			);
			name = Main.storyboard;
			sourceTree = "<group>";
		};
		04E34CA71DD1D36A0023FA82 /* LaunchScreen.storyboard */ = {
			isa = PBXVariantGroup;
			children = (
				04E34CA81DD1D36A0023FA82 /* Base */,
			);
			name = LaunchScreen.storyboard;
			sourceTree = "<group>";
		};
/* End PBXVariantGroup section */

/* Begin XCBuildConfiguration section */
		04E34CAB1DD1D36A0023FA82 /* Debug */ = {
			isa = XCBuildConfiguration;
			buildSettings = {
				ALWAYS_SEARCH_USER_PATHS = NO;
				CLANG_ANALYZER_NONNULL = YES;
				CLANG_CXX_LANGUAGE_STANDARD = "gnu++0x";
				CLANG_CXX_LIBRARY = "libc++";
				CLANG_ENABLE_MODULES = YES;
				CLANG_ENABLE_OBJC_ARC = YES;
				CLANG_WARN_BOOL_CONVERSION = YES;
				CLANG_WARN_CONSTANT_CONVERSION = YES;
				CLANG_WARN_DIRECT_OBJC_ISA_USAGE = YES_ERROR;
				CLANG_WARN_EMPTY_BODY = YES;
				CLANG_WARN_ENUM_CONVERSION = YES;
				CLANG_WARN_INT_CONVERSION = YES;
				CLANG_WARN_OBJC_ROOT_CLASS = YES_ERROR;
				CLANG_WARN_UNREACHABLE_CODE = YES;
				CLANG_WARN__DUPLICATE_METHOD_MATCH = YES;
				"CODE_SIGN_IDENTITY[sdk=iphoneos*]" = "iPhone Developer";
				COPY_PHASE_STRIP = NO;
				DEBUG_INFORMATION_FORMAT = dwarf;
				ENABLE_STRICT_OBJC_MSGSEND = YES;
				ENABLE_TESTABILITY = YES;
				GCC_C_LANGUAGE_STANDARD = gnu99;
				GCC_DYNAMIC_NO_PIC = NO;
				GCC_NO_COMMON_BLOCKS = YES;
				GCC_OPTIMIZATION_LEVEL = 0;
				GCC_PREPROCESSOR_DEFINITIONS = (
					"DEBUG=1",
					"$(inherited)",
				);
				GCC_WARN_64_TO_32_BIT_CONVERSION = YES;
				GCC_WARN_ABOUT_RETURN_TYPE = YES_ERROR;
				GCC_WARN_UNDECLARED_SELECTOR = YES;
				GCC_WARN_UNINITIALIZED_AUTOS = YES_AGGRESSIVE;
				GCC_WARN_UNUSED_FUNCTION = YES;
				GCC_WARN_UNUSED_VARIABLE = YES;
				IPHONEOS_DEPLOYMENT_TARGET = 9.3;
				MTL_ENABLE_DEBUG_INFO = YES;
				ONLY_ACTIVE_ARCH = YES;
				SDKROOT = iphoneos;
				TARGETED_DEVICE_FAMILY = "1,2";
			};
			name = Debug;
		};
		04E34CAC1DD1D36A0023FA82 /* Release */ = {
			isa = XCBuildConfiguration;
			buildSettings = {
				ALWAYS_SEARCH_USER_PATHS = NO;
				CLANG_ANALYZER_NONNULL = YES;
				CLANG_CXX_LANGUAGE_STANDARD = "gnu++0x";
				CLANG_CXX_LIBRARY = "libc++";
				CLANG_ENABLE_MODULES = YES;
				CLANG_ENABLE_OBJC_ARC = YES;
				CLANG_WARN_BOOL_CONVERSION = YES;
				CLANG_WARN_CONSTANT_CONVERSION = YES;
				CLANG_WARN_DIRECT_OBJC_ISA_USAGE = YES_ERROR;
				CLANG_WARN_EMPTY_BODY = YES;
				CLANG_WARN_ENUM_CONVERSION = YES;
				CLANG_WARN_INT_CONVERSION = YES;
				CLANG_WARN_OBJC_ROOT_CLASS = YES_ERROR;
				CLANG_WARN_UNREACHABLE_CODE = YES;
				CLANG_WARN__DUPLICATE_METHOD_MATCH = YES;
				"CODE_SIGN_IDENTITY[sdk=iphoneos*]" = "iPhone Developer";
				COPY_PHASE_STRIP = NO;
				DEBUG_INFORMATION_FORMAT = "dwarf-with-dsym";
				ENABLE_NS_ASSERTIONS = NO;
				ENABLE_STRICT_OBJC_MSGSEND = YES;
				GCC_C_LANGUAGE_STANDARD = gnu99;
				GCC_NO_COMMON_BLOCKS = YES;
				GCC_WARN_64_TO_32_BIT_CONVERSION = YES;
				GCC_WARN_ABOUT_RETURN_TYPE = YES_ERROR;
				GCC_WARN_UNDECLARED_SELECTOR = YES;
				GCC_WARN_UNINITIALIZED_AUTOS = YES_AGGRESSIVE;
				GCC_WARN_UNUSED_FUNCTION = YES;
				GCC_WARN_UNUSED_VARIABLE = YES;
				IPHONEOS_DEPLOYMENT_TARGET = 9.3;
				MTL_ENABLE_DEBUG_INFO = NO;
				SDKROOT = iphoneos;
				TARGETED_DEVICE_FAMILY = "1,2";
				VALIDATE_PRODUCT = YES;
			};
			name = Release;
		};
		04E34CAE1DD1D36A0023FA82 /* Debug */ = {
			isa = XCBuildConfiguration;
			buildSettings = {
				ASSETCATALOG_COMPILER_APPICON_NAME = AppIcon;
				INFOPLIST_FILE = PJPhotoGallery/Info.plist;
				LD_RUNPATH_SEARCH_PATHS = "$(inherited) @executable_path/Frameworks";
				PRODUCT_BUNDLE_IDENTIFIER = com.pragati.PJPhotoGallery;
				PRODUCT_NAME = "$(TARGET_NAME)";
			};
			name = Debug;
		};
		04E34CAF1DD1D36A0023FA82 /* Release */ = {
			isa = XCBuildConfiguration;
			buildSettings = {
				ASSETCATALOG_COMPILER_APPICON_NAME = AppIcon;
				INFOPLIST_FILE = PJPhotoGallery/Info.plist;
				LD_RUNPATH_SEARCH_PATHS = "$(inherited) @executable_path/Frameworks";
				PRODUCT_BUNDLE_IDENTIFIER = com.pragati.PJPhotoGallery;
				PRODUCT_NAME = "$(TARGET_NAME)";
			};
			name = Release;
		};
/* End XCBuildConfiguration section */

/* Begin XCConfigurationList section */
		04E34C8E1DD1D36A0023FA82 /* Build configuration list for PBXProject "PJPhotoGallery" */ = {
			isa = XCConfigurationList;
			buildConfigurations = (
				04E34CAB1DD1D36A0023FA82 /* Debug */,
				04E34CAC1DD1D36A0023FA82 /* Release */,
			);
			defaultConfigurationIsVisible = 0;
			defaultConfigurationName = Release;
		};
		04E34CAD1DD1D36A0023FA82 /* Build configuration list for PBXNativeTarget "PJPhotoGallery" */ = {
			isa = XCConfigurationList;
			buildConfigurations = (
				04E34CAE1DD1D36A0023FA82 /* Debug */,
				04E34CAF1DD1D36A0023FA82 /* Release */,
			);
			defaultConfigurationIsVisible = 0;
		};
/* End XCConfigurationList section */

/* Begin XCVersionGroup section */
		04E34CA21DD1D36A0023FA82 /* PJPhotoGallery.xcdatamodeld */ = {
			isa = XCVersionGroup;
			children = (
				04E34CA31DD1D36A0023FA82 /* PJPhotoGallery.xcdatamodel */,
			);
			currentVersion = 04E34CA31DD1D36A0023FA82 /* PJPhotoGallery.xcdatamodel */;
			path = PJPhotoGallery.xcdatamodeld;
			sourceTree = "<group>";
			versionGroupType = wrapper.xcdatamodel;
		};
/* End XCVersionGroup section */
	};
	rootObject = 04E34C8B1DD1D36A0023FA82 /* Project object */;
}
